
Microsoft Visual Studio Solution File, Format Version 12.00
# Visual Studio Version 16
VisualStudioVersion = 16.0.31321.278
MinimumVisualStudioVersion = 10.0.40219.1
Project("{FAE04EC0-301F-11D3-BF4B-00C04F79EFBC}") = "Bootcamp", "Bootcamp\Bootcamp.csproj", "{76C70529-9B61-40BD-9DAB-815CC35D71CE}"
EndProject
Global
	GlobalSection(SolutionConfigurationPlatforms) = preSolution
		Debug|Any CPU = Debug|Any CPU
		Release|Any CPU = Release|Any CPU
	EndGlobalSection
	GlobalSection(ProjectConfigurationPlatforms) = postSolution
		{76C70529-9B61-40BD-9DAB-815CC35D71CE}.Debug|Any CPU.ActiveCfg = Debug|Any CPU
		{76C70529-9B61-40BD-9DAB-815CC35D71CE}.Debug|Any CPU.Build.0 = Debug|Any CPU
		{76C70529-9B61-40BD-9DAB-815CC35D71CE}.Release|Any CPU.ActiveCfg = Release|Any CPU
		{76C70529-9B61-40BD-9DAB-815CC35D71CE}.Release|Any CPU.Build.0 = Release|Any CPU
	EndGlobalSection
	GlobalSection(SolutionProperties) = preSolution
		HideSolutionNode = FALSE
	EndGlobalSection
	GlobalSection(ExtensibilityGlobals) = postSolution
		SolutionGuid = {D1D15825-E10A-497E-9B84-0D3A7919F62B}
	EndGlobalSection
EndGlobal
